
Microsoft Visual Studio Solution File, Format Version 12.00
# Visual Studio Version 17
VisualStudioVersion = 17.5.002.0
MinimumVisualStudioVersion = 10.0.40219.1
Project("{9A19103F-16F7-4668-BE54-9A1E7A4F7556}") = "Day_1", "Day_1\Day_1.csproj", "{FF5681F6-21B5-4E63-9389-3DCDFFE3CE35}"
EndProject
Project("{FAE04EC0-301F-11D3-BF4B-00C04F79EFBC}") = "Day_2", "Day_2\Day_2.csproj", "{877CC97C-0208-4496-9EAE-9B5785C1C4EB}"
EndProject
Project("{FAE04EC0-301F-11D3-BF4B-00C04F79EFBC}") = "Day3", "Day3\Day3.csproj", "{49270A53-601F-458E-A7F1-05865280D69E}"
EndProject
Global
	GlobalSection(SolutionConfigurationPlatforms) = preSolution
		Debug|Any CPU = Debug|Any CPU
		Release|Any CPU = Release|Any CPU
	EndGlobalSection
	GlobalSection(ProjectConfigurationPlatforms) = postSolution
		{FF5681F6-21B5-4E63-9389-3DCDFFE3CE35}.Debug|Any CPU.ActiveCfg = Debug|Any CPU
		{FF5681F6-21B5-4E63-9389-3DCDFFE3CE35}.Debug|Any CPU.Build.0 = Debug|Any CPU
		{FF5681F6-21B5-4E63-9389-3DCDFFE3CE35}.Release|Any CPU.ActiveCfg = Release|Any CPU
		{FF5681F6-21B5-4E63-9389-3DCDFFE3CE35}.Release|Any CPU.Build.0 = Release|Any CPU
		{877CC97C-0208-4496-9EAE-9B5785C1C4EB}.Debug|Any CPU.ActiveCfg = Debug|Any CPU
		{877CC97C-0208-4496-9EAE-9B5785C1C4EB}.Debug|Any CPU.Build.0 = Debug|Any CPU
		{877CC97C-0208-4496-9EAE-9B5785C1C4EB}.Release|Any CPU.ActiveCfg = Release|Any CPU
		{877CC97C-0208-4496-9EAE-9B5785C1C4EB}.Release|Any CPU.Build.0 = Release|Any CPU
		{49270A53-601F-458E-A7F1-05865280D69E}.Debug|Any CPU.ActiveCfg = Debug|Any CPU
		{49270A53-601F-458E-A7F1-05865280D69E}.Debug|Any CPU.Build.0 = Debug|Any CPU
		{49270A53-601F-458E-A7F1-05865280D69E}.Release|Any CPU.ActiveCfg = Release|Any CPU
		{49270A53-601F-458E-A7F1-05865280D69E}.Release|Any CPU.Build.0 = Release|Any CPU
	EndGlobalSection
	GlobalSection(SolutionProperties) = preSolution
		HideSolutionNode = FALSE
	EndGlobalSection
	GlobalSection(ExtensibilityGlobals) = postSolution
		SolutionGuid = {97BE3F75-93FF-46EE-B43D-DCC5BC203A66}
	EndGlobalSection
EndGlobal
