
Microsoft Visual Studio Solution File, Format Version 12.00
# Visual Studio Version 17
VisualStudioVersion = 17.5.002.0
MinimumVisualStudioVersion = 10.0.40219.1
Project("{9A19103F-16F7-4668-BE54-9A1E7A4F7556}") = "Day_1", "Day_1\Day_1.csproj", "{FF5681F6-21B5-4E63-9389-3DCDFFE3CE35}"
EndProject
Project("{FAE04EC0-301F-11D3-BF4B-00C04F79EFBC}") = "Day_2", "Day_2\Day_2.csproj", "{877CC97C-0208-4496-9EAE-9B5785C1C4EB}"
EndProject
Project("{FAE04EC0-301F-11D3-BF4B-00C04F79EFBC}") = "Day3", "Day3\Day3.csproj", "{49270A53-601F-458E-A7F1-05865280D69E}"
EndProject
Project("{FAE04EC0-301F-11D3-BF4B-00C04F79EFBC}") = "Day4", "Day4\Day4.csproj", "{7038695D-0145-41D7-9F5A-A7CF825E904A}"
EndProject
Project("{2150E333-8FDC-42A3-9474-1A3956D46DE8}") = "Day5", "Day5", "{DC3773F1-7AEA-43E0-967E-34D76E51F413}"
EndProject
Project("{FAE04EC0-301F-11D3-BF4B-00C04F79EFBC}") = "Code", "Day5\Code\Code.csproj", "{2E16C565-B934-4627-90A0-5C59CE49F82F}"
EndProject
Project("{2150E333-8FDC-42A3-9474-1A3956D46DE8}") = "Day11", "Day11", "{BA0B2369-5ED9-480E-A1CF-B57DF4749317}"
EndProject
Project("{FAE04EC0-301F-11D3-BF4B-00C04F79EFBC}") = "Code", "Day11\Code\Code.csproj", "{F242396C-09AD-4472-9D32-E70DC2C9E4D4}"
EndProject
Project("{FAE04EC0-301F-11D3-BF4B-00C04F79EFBC}") = "Day6", "Day6\Day6.csproj", "{E81D3D2B-7927-4264-9079-FFB815E1B308}"
EndProject
Project("{FAE04EC0-301F-11D3-BF4B-00C04F79EFBC}") = "Day7", "Day7\Day7.csproj", "{397CE2DF-2571-45F0-9C8A-B5DCEB42B1BB}"
EndProject
Project("{FAE04EC0-301F-11D3-BF4B-00C04F79EFBC}") = "Day8", "Day8\Day8.csproj", "{BE2E0914-5D1C-4BD3-A295-7B757BE37E29}"
EndProject
Project("{2150E333-8FDC-42A3-9474-1A3956D46DE8}") = "Day9", "Day9", "{BF26DC2D-38A4-4940-850C-6581241C379E}"
EndProject
Project("{FAE04EC0-301F-11D3-BF4B-00C04F79EFBC}") = "Day9", "Day9\implementation\Day9.csproj", "{D08C723B-5DD6-45ED-9EEB-6954CD6CE2BF}"
EndProject
Project("{FAE04EC0-301F-11D3-BF4B-00C04F79EFBC}") = "Tests", "Day11\Tests\Tests.csproj", "{5D78759A-1401-43B4-AA35-34826707A855}"
EndProject
Global
	GlobalSection(SolutionConfigurationPlatforms) = preSolution
		Debug|Any CPU = Debug|Any CPU
		Release|Any CPU = Release|Any CPU
	EndGlobalSection
	GlobalSection(ProjectConfigurationPlatforms) = postSolution
		{FF5681F6-21B5-4E63-9389-3DCDFFE3CE35}.Debug|Any CPU.ActiveCfg = Debug|Any CPU
		{FF5681F6-21B5-4E63-9389-3DCDFFE3CE35}.Debug|Any CPU.Build.0 = Debug|Any CPU
		{FF5681F6-21B5-4E63-9389-3DCDFFE3CE35}.Release|Any CPU.ActiveCfg = Release|Any CPU
		{FF5681F6-21B5-4E63-9389-3DCDFFE3CE35}.Release|Any CPU.Build.0 = Release|Any CPU
		{877CC97C-0208-4496-9EAE-9B5785C1C4EB}.Debug|Any CPU.ActiveCfg = Debug|Any CPU
		{877CC97C-0208-4496-9EAE-9B5785C1C4EB}.Debug|Any CPU.Build.0 = Debug|Any CPU
		{877CC97C-0208-4496-9EAE-9B5785C1C4EB}.Release|Any CPU.ActiveCfg = Release|Any CPU
		{877CC97C-0208-4496-9EAE-9B5785C1C4EB}.Release|Any CPU.Build.0 = Release|Any CPU
		{49270A53-601F-458E-A7F1-05865280D69E}.Debug|Any CPU.ActiveCfg = Debug|Any CPU
		{49270A53-601F-458E-A7F1-05865280D69E}.Debug|Any CPU.Build.0 = Debug|Any CPU
		{49270A53-601F-458E-A7F1-05865280D69E}.Release|Any CPU.ActiveCfg = Release|Any CPU
		{49270A53-601F-458E-A7F1-05865280D69E}.Release|Any CPU.Build.0 = Release|Any CPU
		{7038695D-0145-41D7-9F5A-A7CF825E904A}.Debug|Any CPU.ActiveCfg = Debug|Any CPU
		{7038695D-0145-41D7-9F5A-A7CF825E904A}.Debug|Any CPU.Build.0 = Debug|Any CPU
		{7038695D-0145-41D7-9F5A-A7CF825E904A}.Release|Any CPU.ActiveCfg = Release|Any CPU
		{7038695D-0145-41D7-9F5A-A7CF825E904A}.Release|Any CPU.Build.0 = Release|Any CPU
		{2E16C565-B934-4627-90A0-5C59CE49F82F}.Debug|Any CPU.ActiveCfg = Debug|Any CPU
		{2E16C565-B934-4627-90A0-5C59CE49F82F}.Debug|Any CPU.Build.0 = Debug|Any CPU
		{2E16C565-B934-4627-90A0-5C59CE49F82F}.Release|Any CPU.ActiveCfg = Release|Any CPU
		{2E16C565-B934-4627-90A0-5C59CE49F82F}.Release|Any CPU.Build.0 = Release|Any CPU
		{F242396C-09AD-4472-9D32-E70DC2C9E4D4}.Debug|Any CPU.ActiveCfg = Debug|Any CPU
		{F242396C-09AD-4472-9D32-E70DC2C9E4D4}.Debug|Any CPU.Build.0 = Debug|Any CPU
		{F242396C-09AD-4472-9D32-E70DC2C9E4D4}.Release|Any CPU.ActiveCfg = Release|Any CPU
		{F242396C-09AD-4472-9D32-E70DC2C9E4D4}.Release|Any CPU.Build.0 = Release|Any CPU
		{E81D3D2B-7927-4264-9079-FFB815E1B308}.Debug|Any CPU.ActiveCfg = Debug|Any CPU
		{E81D3D2B-7927-4264-9079-FFB815E1B308}.Debug|Any CPU.Build.0 = Debug|Any CPU
		{E81D3D2B-7927-4264-9079-FFB815E1B308}.Release|Any CPU.ActiveCfg = Release|Any CPU
		{E81D3D2B-7927-4264-9079-FFB815E1B308}.Release|Any CPU.Build.0 = Release|Any CPU
		{397CE2DF-2571-45F0-9C8A-B5DCEB42B1BB}.Debug|Any CPU.ActiveCfg = Debug|Any CPU
		{397CE2DF-2571-45F0-9C8A-B5DCEB42B1BB}.Debug|Any CPU.Build.0 = Debug|Any CPU
		{397CE2DF-2571-45F0-9C8A-B5DCEB42B1BB}.Release|Any CPU.ActiveCfg = Release|Any CPU
		{397CE2DF-2571-45F0-9C8A-B5DCEB42B1BB}.Release|Any CPU.Build.0 = Release|Any CPU
		{BE2E0914-5D1C-4BD3-A295-7B757BE37E29}.Debug|Any CPU.ActiveCfg = Debug|Any CPU
		{BE2E0914-5D1C-4BD3-A295-7B757BE37E29}.Debug|Any CPU.Build.0 = Debug|Any CPU
		{BE2E0914-5D1C-4BD3-A295-7B757BE37E29}.Release|Any CPU.ActiveCfg = Release|Any CPU
		{BE2E0914-5D1C-4BD3-A295-7B757BE37E29}.Release|Any CPU.Build.0 = Release|Any CPU
		{D08C723B-5DD6-45ED-9EEB-6954CD6CE2BF}.Debug|Any CPU.ActiveCfg = Debug|Any CPU
		{D08C723B-5DD6-45ED-9EEB-6954CD6CE2BF}.Debug|Any CPU.Build.0 = Debug|Any CPU
		{D08C723B-5DD6-45ED-9EEB-6954CD6CE2BF}.Release|Any CPU.ActiveCfg = Release|Any CPU
		{D08C723B-5DD6-45ED-9EEB-6954CD6CE2BF}.Release|Any CPU.Build.0 = Release|Any CPU
		{5D78759A-1401-43B4-AA35-34826707A855}.Debug|Any CPU.ActiveCfg = Debug|Any CPU
		{5D78759A-1401-43B4-AA35-34826707A855}.Debug|Any CPU.Build.0 = Debug|Any CPU
		{5D78759A-1401-43B4-AA35-34826707A855}.Release|Any CPU.ActiveCfg = Release|Any CPU
		{5D78759A-1401-43B4-AA35-34826707A855}.Release|Any CPU.Build.0 = Release|Any CPU
	EndGlobalSection
	GlobalSection(SolutionProperties) = preSolution
		HideSolutionNode = FALSE
	EndGlobalSection
	GlobalSection(ExtensibilityGlobals) = postSolution
		SolutionGuid = {97BE3F75-93FF-46EE-B43D-DCC5BC203A66}
	EndGlobalSection
	GlobalSection(NestedProjects) = preSolution
		{2E16C565-B934-4627-90A0-5C59CE49F82F} = {DC3773F1-7AEA-43E0-967E-34D76E51F413}
		{F242396C-09AD-4472-9D32-E70DC2C9E4D4} = {BA0B2369-5ED9-480E-A1CF-B57DF4749317}
		{D08C723B-5DD6-45ED-9EEB-6954CD6CE2BF} = {BF26DC2D-38A4-4940-850C-6581241C379E}
		{5D78759A-1401-43B4-AA35-34826707A855} = {BA0B2369-5ED9-480E-A1CF-B57DF4749317}
	EndGlobalSection
EndGlobal
