
Microsoft Visual Studio Solution File, Format Version 12.00
# Visual Studio Version 17
VisualStudioVersion = 17.5.002.0
MinimumVisualStudioVersion = 10.0.40219.1
Project("{9A19103F-16F7-4668-BE54-9A1E7A4F7556}") = "Day8", "Day8.csproj", "{EC89EDD1-DA77-49AA-8E3F-704F23E36F35}"
EndProject
Global
	GlobalSection(SolutionConfigurationPlatforms) = preSolution
		Debug|Any CPU = Debug|Any CPU
		Release|Any CPU = Release|Any CPU
	EndGlobalSection
	GlobalSection(ProjectConfigurationPlatforms) = postSolution
		{EC89EDD1-DA77-49AA-8E3F-704F23E36F35}.Debug|Any CPU.ActiveCfg = Debug|Any CPU
		{EC89EDD1-DA77-49AA-8E3F-704F23E36F35}.Debug|Any CPU.Build.0 = Debug|Any CPU
		{EC89EDD1-DA77-49AA-8E3F-704F23E36F35}.Release|Any CPU.ActiveCfg = Release|Any CPU
		{EC89EDD1-DA77-49AA-8E3F-704F23E36F35}.Release|Any CPU.Build.0 = Release|Any CPU
	EndGlobalSection
	GlobalSection(SolutionProperties) = preSolution
		HideSolutionNode = FALSE
	EndGlobalSection
	GlobalSection(ExtensibilityGlobals) = postSolution
		SolutionGuid = {3A44CAD7-3DF4-46BE-B1D3-BCAC4685A21E}
	EndGlobalSection
EndGlobal
